github.com/72sevenzy2/http-router v0.0.0-20260731113611-5f114b29c4dc h1:umFDUT2ErPQsDjgdW8os4VpPQ5myxsmJh5MsDw9pQ6c=
github.com/72sevenzy2/http-router v0.0.0-20260731113611-5f114b29c4dc/go.mod h1:8MILjc+8TZWnUe6bjG8rxalbJjpSwHEpmklEO4LXLuA=
github.com/72sevenzy2/json-parser v0.0.0-20260722065308-0929b6a6cd79 h1:/Hh3wiX75gNF9XUFiwk/+0QYJCoVNVPiJqf0tqeZi6g=
github.com/72sevenzy2/json-parser v0.0.0-20260722065308-0929b6a6cd79/go.mod h1:wA/oKrssLUp44rupBrh/cRqQdl3qcLEoES5jK7+VpVg=
